
Microsoft Visual Studio Solution File, Format Version 12.00
# Visual Studio Version 17
VisualStudioVersion = 17.11.35327.3
MinimumVisualStudioVersion = 10.0.40219.1
Project("{FAE04EC0-301F-11D3-BF4B-00C04F79EFBC}") = "Arbol Binario de busqueda", "Arbol Binario de busqueda\Arbol Binario de busqueda.csproj", "{CCAEAEC3-F0DB-455A-8630-C103704C3062}"
EndProject
Global
	GlobalSection(SolutionConfigurationPlatforms) = preSolution
		Debug|Any CPU = Debug|Any CPU
		Release|Any CPU = Release|Any CPU
	EndGlobalSection
	GlobalSection(ProjectConfigurationPlatforms) = postSolution
		{CCAEAEC3-F0DB-455A-8630-C103704C3062}.Debug|Any CPU.ActiveCfg = Debug|Any CPU
		{CCAEAEC3-F0DB-455A-8630-C103704C3062}.Debug|Any CPU.Build.0 = Debug|Any CPU
		{CCAEAEC3-F0DB-455A-8630-C103704C3062}.Release|Any CPU.ActiveCfg = Release|Any CPU
		{CCAEAEC3-F0DB-455A-8630-C103704C3062}.Release|Any CPU.Build.0 = Release|Any CPU
	EndGlobalSection
	GlobalSection(SolutionProperties) = preSolution
		HideSolutionNode = FALSE
	EndGlobalSection
	GlobalSection(ExtensibilityGlobals) = postSolution
		SolutionGuid = {A9E2C2F1-F71A-4622-87B1-26589CD9F53F}
	EndGlobalSection
EndGlobal
